
Microsoft Visual Studio Solution File, Format Version 12.00
# Visual Studio Version 17
VisualStudioVersion = 17.6.33801.468
MinimumVisualStudioVersion = 10.0.40219.1
Project("{8BC9CEB8-8B4A-11D0-8D11-00A0C91BC942}") = "Run_Snowman", "Run_Snowman\Run_Snowman.vcxproj", "{89AF1680-DA23-4567-9988-8E4293403BF6}"
EndProject
Global
	GlobalSection(SolutionConfigurationPlatforms) = preSolution
		Debug|x64 = Debug|x64
		Debug|x86 = Debug|x86
		Release|x64 = Release|x64
		Release|x86 = Release|x86
	EndGlobalSection
	GlobalSection(ProjectConfigurationPlatforms) = postSolution
		{89AF1680-DA23-4567-9988-8E4293403BF6}.Debug|x64.ActiveCfg = Debug|x64
		{89AF1680-DA23-4567-9988-8E4293403BF6}.Debug|x64.Build.0 = Debug|x64
		{89AF1680-DA23-4567-9988-8E4293403BF6}.Debug|x86.ActiveCfg = Debug|Win32
		{89AF1680-DA23-4567-9988-8E4293403BF6}.Debug|x86.Build.0 = Debug|Win32
		{89AF1680-DA23-4567-9988-8E4293403BF6}.Release|x64.ActiveCfg = Release|x64
		{89AF1680-DA23-4567-9988-8E4293403BF6}.Release|x64.Build.0 = Release|x64
		{89AF1680-DA23-4567-9988-8E4293403BF6}.Release|x86.ActiveCfg = Release|Win32
		{89AF1680-DA23-4567-9988-8E4293403BF6}.Release|x86.Build.0 = Release|Win32
	EndGlobalSection
	GlobalSection(SolutionProperties) = preSolution
		HideSolutionNode = FALSE
	EndGlobalSection
	GlobalSection(ExtensibilityGlobals) = postSolution
		SolutionGuid = {57002C50-2630-4CF8-93AE-29FEFAB9E20F}
	EndGlobalSection
EndGlobal
